
Microsoft Visual Studio Solution File, Format Version 12.00
# Visual Studio Version 16
VisualStudioVersion = 16.0.30717.126
MinimumVisualStudioVersion = 10.0.40219.1
Project("{8BC9CEB8-8B4A-11D0-8D11-00A0C91BC942}") = "01SimpleMCMain", "SimpleMCMain\SimpleMCMain.vcxproj", "{98FC96D6-2AFF-4E85-95A0-44057A990F34}"
EndProject
Project("{8BC9CEB8-8B4A-11D0-8D11-00A0C91BC942}") = "02Encapsulation", "Encapsulation\Encapsulation.vcxproj", "{6FD7C5CF-70A3-4915-B68E-7D1FA7696198}"
EndProject
Project("{8BC9CEB8-8B4A-11D0-8D11-00A0C91BC942}") = "03Inheritance", "Inheritance\Inheritance.vcxproj", "{6F6877FF-3282-4080-B4EA-3B49EE9ACDF5}"
EndProject
Project("{8BC9CEB8-8B4A-11D0-8D11-00A0C91BC942}") = "04InheritanceAndPointers", "InheritanceAndPointers\InheritanceAndPointers.vcxproj", "{3AD6F66B-7DFB-4A4B-A0B9-0EFF7ECA4387}"
EndProject
Project("{8BC9CEB8-8B4A-11D0-8D11-00A0C91BC942}") = "05InheritanceAndSmartPointers", "InheritanceAndSmartPointers\InheritanceAndSmartPointers.vcxproj", "{47124210-70CF-4B51-A8E8-46E9F2622491}"
EndProject
Project("{8BC9CEB8-8B4A-11D0-8D11-00A0C91BC942}") = "06AddingDoubleDigital", "AddingDoubleDigital\AddingDoubleDigital.vcxproj", "{2278F62E-2957-4297-8D05-28D66D26DEC8}"
EndProject
Project("{8BC9CEB8-8B4A-11D0-8D11-00A0C91BC942}") = "07VanillaOption", "07VanillaOption\07VanillaOption.vcxproj", "{9549F82B-2EF2-4822-A40E-7A2ADEE0728C}"
EndProject
Project("{8BC9CEB8-8B4A-11D0-8D11-00A0C91BC942}") = "08VirtualConstruction", "08VirtualConstruction\08VirtualConstruction.vcxproj", "{2688E265-591B-45CE-A1AB-990F5C7F92B8}"
EndProject
Project("{8BC9CEB8-8B4A-11D0-8D11-00A0C91BC942}") = "09Bridge", "Bridge\Bridge.vcxproj", "{7F594DF3-9E6C-490F-A648-96E4C7BCF2A4}"
EndProject
Project("{8BC9CEB8-8B4A-11D0-8D11-00A0C91BC942}") = "10Parameters", "10Parameters\10Parameters.vcxproj", "{E1FA9B6A-CDBE-453C-B4E2-2BB1F3008D9A}"
EndProject
Project("{8BC9CEB8-8B4A-11D0-8D11-00A0C91BC942}") = "11StatisticsGatherer", "11StatisticsGatherer\11StatisticsGatherer.vcxproj", "{DBB19B4B-2619-4035-96B5-4BCD5DEDC135}"
EndProject
Project("{8BC9CEB8-8B4A-11D0-8D11-00A0C91BC942}") = "12ConvergenceTable", "12ConvergenceTable\12ConvergenceTable.vcxproj", "{9FF6DE28-BF6C-469A-BE43-5084CDF7B9AD}"
EndProject
Project("{8BC9CEB8-8B4A-11D0-8D11-00A0C91BC942}") = "13Random", "13Random\13Random.vcxproj", "{3585C6FC-E20B-4E6E-B9C0-25ACF277EA00}"
EndProject
Project("{8BC9CEB8-8B4A-11D0-8D11-00A0C91BC942}") = "14Exotics", "14Exotics\14Exotics.vcxproj", "{0701DC04-440B-4678-92A1-53150CE27EEA}"
EndProject
Global
	GlobalSection(SolutionConfigurationPlatforms) = preSolution
		Debug|ARM = Debug|ARM
		Debug|ARM64 = Debug|ARM64
		Debug|x64 = Debug|x64
		Debug|x86 = Debug|x86
		Release|ARM = Release|ARM
		Release|ARM64 = Release|ARM64
		Release|x64 = Release|x64
		Release|x86 = Release|x86
	EndGlobalSection
	GlobalSection(ProjectConfigurationPlatforms) = postSolution
		{98FC96D6-2AFF-4E85-95A0-44057A990F34}.Debug|ARM.ActiveCfg = Debug|Win32
		{98FC96D6-2AFF-4E85-95A0-44057A990F34}.Debug|ARM64.ActiveCfg = Debug|Win32
		{98FC96D6-2AFF-4E85-95A0-44057A990F34}.Debug|x64.ActiveCfg = Debug|x64
		{98FC96D6-2AFF-4E85-95A0-44057A990F34}.Debug|x64.Build.0 = Debug|x64
		{98FC96D6-2AFF-4E85-95A0-44057A990F34}.Debug|x86.ActiveCfg = Debug|Win32
		{98FC96D6-2AFF-4E85-95A0-44057A990F34}.Debug|x86.Build.0 = Debug|Win32
		{98FC96D6-2AFF-4E85-95A0-44057A990F34}.Release|ARM.ActiveCfg = Release|Win32
		{98FC96D6-2AFF-4E85-95A0-44057A990F34}.Release|ARM64.ActiveCfg = Release|Win32
		{98FC96D6-2AFF-4E85-95A0-44057A990F34}.Release|x64.ActiveCfg = Release|x64
		{98FC96D6-2AFF-4E85-95A0-44057A990F34}.Release|x64.Build.0 = Release|x64
		{98FC96D6-2AFF-4E85-95A0-44057A990F34}.Release|x86.ActiveCfg = Release|Win32
		{98FC96D6-2AFF-4E85-95A0-44057A990F34}.Release|x86.Build.0 = Release|Win32
		{6FD7C5CF-70A3-4915-B68E-7D1FA7696198}.Debug|ARM.ActiveCfg = Debug|Win32
		{6FD7C5CF-70A3-4915-B68E-7D1FA7696198}.Debug|ARM64.ActiveCfg = Debug|Win32
		{6FD7C5CF-70A3-4915-B68E-7D1FA7696198}.Debug|x64.ActiveCfg = Debug|x64
		{6FD7C5CF-70A3-4915-B68E-7D1FA7696198}.Debug|x64.Build.0 = Debug|x64
		{6FD7C5CF-70A3-4915-B68E-7D1FA7696198}.Debug|x86.ActiveCfg = Debug|Win32
		{6FD7C5CF-70A3-4915-B68E-7D1FA7696198}.Debug|x86.Build.0 = Debug|Win32
		{6FD7C5CF-70A3-4915-B68E-7D1FA7696198}.Release|ARM.ActiveCfg = Release|Win32
		{6FD7C5CF-70A3-4915-B68E-7D1FA7696198}.Release|ARM64.ActiveCfg = Release|Win32
		{6FD7C5CF-70A3-4915-B68E-7D1FA7696198}.Release|x64.ActiveCfg = Release|x64
		{6FD7C5CF-70A3-4915-B68E-7D1FA7696198}.Release|x64.Build.0 = Release|x64
		{6FD7C5CF-70A3-4915-B68E-7D1FA7696198}.Release|x86.ActiveCfg = Release|Win32
		{6FD7C5CF-70A3-4915-B68E-7D1FA7696198}.Release|x86.Build.0 = Release|Win32
		{6F6877FF-3282-4080-B4EA-3B49EE9ACDF5}.Debug|ARM.ActiveCfg = Debug|Win32
		{6F6877FF-3282-4080-B4EA-3B49EE9ACDF5}.Debug|ARM64.ActiveCfg = Debug|Win32
		{6F6877FF-3282-4080-B4EA-3B49EE9ACDF5}.Debug|x64.ActiveCfg = Debug|x64
		{6F6877FF-3282-4080-B4EA-3B49EE9ACDF5}.Debug|x64.Build.0 = Debug|x64
		{6F6877FF-3282-4080-B4EA-3B49EE9ACDF5}.Debug|x86.ActiveCfg = Debug|Win32
		{6F6877FF-3282-4080-B4EA-3B49EE9ACDF5}.Debug|x86.Build.0 = Debug|Win32
		{6F6877FF-3282-4080-B4EA-3B49EE9ACDF5}.Release|ARM.ActiveCfg = Release|Win32
		{6F6877FF-3282-4080-B4EA-3B49EE9ACDF5}.Release|ARM64.ActiveCfg = Release|Win32
		{6F6877FF-3282-4080-B4EA-3B49EE9ACDF5}.Release|x64.ActiveCfg = Release|x64
		{6F6877FF-3282-4080-B4EA-3B49EE9ACDF5}.Release|x64.Build.0 = Release|x64
		{6F6877FF-3282-4080-B4EA-3B49EE9ACDF5}.Release|x86.ActiveCfg = Release|Win32
		{6F6877FF-3282-4080-B4EA-3B49EE9ACDF5}.Release|x86.Build.0 = Release|Win32
		{3AD6F66B-7DFB-4A4B-A0B9-0EFF7ECA4387}.Debug|ARM.ActiveCfg = Debug|Win32
		{3AD6F66B-7DFB-4A4B-A0B9-0EFF7ECA4387}.Debug|ARM64.ActiveCfg = Debug|Win32
		{3AD6F66B-7DFB-4A4B-A0B9-0EFF7ECA4387}.Debug|x64.ActiveCfg = Debug|x64
		{3AD6F66B-7DFB-4A4B-A0B9-0EFF7ECA4387}.Debug|x64.Build.0 = Debug|x64
		{3AD6F66B-7DFB-4A4B-A0B9-0EFF7ECA4387}.Debug|x86.ActiveCfg = Debug|Win32
		{3AD6F66B-7DFB-4A4B-A0B9-0EFF7ECA4387}.Debug|x86.Build.0 = Debug|Win32
		{3AD6F66B-7DFB-4A4B-A0B9-0EFF7ECA4387}.Release|ARM.ActiveCfg = Release|Win32
		{3AD6F66B-7DFB-4A4B-A0B9-0EFF7ECA4387}.Release|ARM64.ActiveCfg = Release|Win32
		{3AD6F66B-7DFB-4A4B-A0B9-0EFF7ECA4387}.Release|x64.ActiveCfg = Release|x64
		{3AD6F66B-7DFB-4A4B-A0B9-0EFF7ECA4387}.Release|x64.Build.0 = Release|x64
		{3AD6F66B-7DFB-4A4B-A0B9-0EFF7ECA4387}.Release|x86.ActiveCfg = Release|Win32
		{3AD6F66B-7DFB-4A4B-A0B9-0EFF7ECA4387}.Release|x86.Build.0 = Release|Win32
		{47124210-70CF-4B51-A8E8-46E9F2622491}.Debug|ARM.ActiveCfg = Debug|Win32
		{47124210-70CF-4B51-A8E8-46E9F2622491}.Debug|ARM64.ActiveCfg = Debug|Win32
		{47124210-70CF-4B51-A8E8-46E9F2622491}.Debug|x64.ActiveCfg = Debug|x64
		{47124210-70CF-4B51-A8E8-46E9F2622491}.Debug|x64.Build.0 = Debug|x64
		{47124210-70CF-4B51-A8E8-46E9F2622491}.Debug|x86.ActiveCfg = Debug|Win32
		{47124210-70CF-4B51-A8E8-46E9F2622491}.Debug|x86.Build.0 = Debug|Win32
		{47124210-70CF-4B51-A8E8-46E9F2622491}.Release|ARM.ActiveCfg = Release|Win32
		{47124210-70CF-4B51-A8E8-46E9F2622491}.Release|ARM64.ActiveCfg = Release|Win32
		{47124210-70CF-4B51-A8E8-46E9F2622491}.Release|x64.ActiveCfg = Release|x64
		{47124210-70CF-4B51-A8E8-46E9F2622491}.Release|x64.Build.0 = Release|x64
		{47124210-70CF-4B51-A8E8-46E9F2622491}.Release|x86.ActiveCfg = Release|Win32
		{47124210-70CF-4B51-A8E8-46E9F2622491}.Release|x86.Build.0 = Release|Win32
		{2278F62E-2957-4297-8D05-28D66D26DEC8}.Debug|ARM.ActiveCfg = Debug|Win32
		{2278F62E-2957-4297-8D05-28D66D26DEC8}.Debug|ARM64.ActiveCfg = Debug|Win32
		{2278F62E-2957-4297-8D05-28D66D26DEC8}.Debug|x64.ActiveCfg = Debug|x64
		{2278F62E-2957-4297-8D05-28D66D26DEC8}.Debug|x64.Build.0 = Debug|x64
		{2278F62E-2957-4297-8D05-28D66D26DEC8}.Debug|x86.ActiveCfg = Debug|Win32
		{2278F62E-2957-4297-8D05-28D66D26DEC8}.Debug|x86.Build.0 = Debug|Win32
		{2278F62E-2957-4297-8D05-28D66D26DEC8}.Release|ARM.ActiveCfg = Release|Win32
		{2278F62E-2957-4297-8D05-28D66D26DEC8}.Release|ARM64.ActiveCfg = Release|Win32
		{2278F62E-2957-4297-8D05-28D66D26DEC8}.Release|x64.ActiveCfg = Release|x64
		{2278F62E-2957-4297-8D05-28D66D26DEC8}.Release|x64.Build.0 = Release|x64
		{2278F62E-2957-4297-8D05-28D66D26DEC8}.Release|x86.ActiveCfg = Release|Win32
		{2278F62E-2957-4297-8D05-28D66D26DEC8}.Release|x86.Build.0 = Release|Win32
		{9549F82B-2EF2-4822-A40E-7A2ADEE0728C}.Debug|ARM.ActiveCfg = Debug|Win32
		{9549F82B-2EF2-4822-A40E-7A2ADEE0728C}.Debug|ARM64.ActiveCfg = Debug|Win32
		{9549F82B-2EF2-4822-A40E-7A2ADEE0728C}.Debug|x64.ActiveCfg = Debug|x64
		{9549F82B-2EF2-4822-A40E-7A2ADEE0728C}.Debug|x64.Build.0 = Debug|x64
		{9549F82B-2EF2-4822-A40E-7A2ADEE0728C}.Debug|x86.ActiveCfg = Debug|Win32
		{9549F82B-2EF2-4822-A40E-7A2ADEE0728C}.Debug|x86.Build.0 = Debug|Win32
		{9549F82B-2EF2-4822-A40E-7A2ADEE0728C}.Release|ARM.ActiveCfg = Release|Win32
		{9549F82B-2EF2-4822-A40E-7A2ADEE0728C}.Release|ARM64.ActiveCfg = Release|Win32
		{9549F82B-2EF2-4822-A40E-7A2ADEE0728C}.Release|x64.ActiveCfg = Release|x64
		{9549F82B-2EF2-4822-A40E-7A2ADEE0728C}.Release|x64.Build.0 = Release|x64
		{9549F82B-2EF2-4822-A40E-7A2ADEE0728C}.Release|x86.ActiveCfg = Release|Win32
		{9549F82B-2EF2-4822-A40E-7A2ADEE0728C}.Release|x86.Build.0 = Release|Win32
		{2688E265-591B-45CE-A1AB-990F5C7F92B8}.Debug|ARM.ActiveCfg = Debug|Win32
		{2688E265-591B-45CE-A1AB-990F5C7F92B8}.Debug|ARM64.ActiveCfg = Debug|Win32
		{2688E265-591B-45CE-A1AB-990F5C7F92B8}.Debug|x64.ActiveCfg = Debug|x64
		{2688E265-591B-45CE-A1AB-990F5C7F92B8}.Debug|x64.Build.0 = Debug|x64
		{2688E265-591B-45CE-A1AB-990F5C7F92B8}.Debug|x86.ActiveCfg = Debug|Win32
		{2688E265-591B-45CE-A1AB-990F5C7F92B8}.Debug|x86.Build.0 = Debug|Win32
		{2688E265-591B-45CE-A1AB-990F5C7F92B8}.Release|ARM.ActiveCfg = Release|Win32
		{2688E265-591B-45CE-A1AB-990F5C7F92B8}.Release|ARM64.ActiveCfg = Release|Win32
		{2688E265-591B-45CE-A1AB-990F5C7F92B8}.Release|x64.ActiveCfg = Release|x64
		{2688E265-591B-45CE-A1AB-990F5C7F92B8}.Release|x64.Build.0 = Release|x64
		{2688E265-591B-45CE-A1AB-990F5C7F92B8}.Release|x86.ActiveCfg = Release|Win32
		{2688E265-591B-45CE-A1AB-990F5C7F92B8}.Release|x86.Build.0 = Release|Win32
		{7F594DF3-9E6C-490F-A648-96E4C7BCF2A4}.Debug|ARM.ActiveCfg = Debug|Win32
		{7F594DF3-9E6C-490F-A648-96E4C7BCF2A4}.Debug|ARM64.ActiveCfg = Debug|Win32
		{7F594DF3-9E6C-490F-A648-96E4C7BCF2A4}.Debug|x64.ActiveCfg = Debug|x64
		{7F594DF3-9E6C-490F-A648-96E4C7BCF2A4}.Debug|x64.Build.0 = Debug|x64
		{7F594DF3-9E6C-490F-A648-96E4C7BCF2A4}.Debug|x86.ActiveCfg = Debug|Win32
		{7F594DF3-9E6C-490F-A648-96E4C7BCF2A4}.Debug|x86.Build.0 = Debug|Win32
		{7F594DF3-9E6C-490F-A648-96E4C7BCF2A4}.Release|ARM.ActiveCfg = Release|Win32
		{7F594DF3-9E6C-490F-A648-96E4C7BCF2A4}.Release|ARM64.ActiveCfg = Release|Win32
		{7F594DF3-9E6C-490F-A648-96E4C7BCF2A4}.Release|x64.ActiveCfg = Release|x64
		{7F594DF3-9E6C-490F-A648-96E4C7BCF2A4}.Release|x64.Build.0 = Release|x64
		{7F594DF3-9E6C-490F-A648-96E4C7BCF2A4}.Release|x86.ActiveCfg = Release|Win32
		{7F594DF3-9E6C-490F-A648-96E4C7BCF2A4}.Release|x86.Build.0 = Release|Win32
		{E1FA9B6A-CDBE-453C-B4E2-2BB1F3008D9A}.Debug|ARM.ActiveCfg = Debug|Win32
		{E1FA9B6A-CDBE-453C-B4E2-2BB1F3008D9A}.Debug|ARM64.ActiveCfg = Debug|Win32
		{E1FA9B6A-CDBE-453C-B4E2-2BB1F3008D9A}.Debug|x64.ActiveCfg = Debug|x64
		{E1FA9B6A-CDBE-453C-B4E2-2BB1F3008D9A}.Debug|x64.Build.0 = Debug|x64
		{E1FA9B6A-CDBE-453C-B4E2-2BB1F3008D9A}.Debug|x86.ActiveCfg = Debug|Win32
		{E1FA9B6A-CDBE-453C-B4E2-2BB1F3008D9A}.Debug|x86.Build.0 = Debug|Win32
		{E1FA9B6A-CDBE-453C-B4E2-2BB1F3008D9A}.Release|ARM.ActiveCfg = Release|Win32
		{E1FA9B6A-CDBE-453C-B4E2-2BB1F3008D9A}.Release|ARM64.ActiveCfg = Release|Win32
		{E1FA9B6A-CDBE-453C-B4E2-2BB1F3008D9A}.Release|x64.ActiveCfg = Release|x64
		{E1FA9B6A-CDBE-453C-B4E2-2BB1F3008D9A}.Release|x64.Build.0 = Release|x64
		{E1FA9B6A-CDBE-453C-B4E2-2BB1F3008D9A}.Release|x86.ActiveCfg = Release|Win32
		{E1FA9B6A-CDBE-453C-B4E2-2BB1F3008D9A}.Release|x86.Build.0 = Release|Win32
		{DBB19B4B-2619-4035-96B5-4BCD5DEDC135}.Debug|ARM.ActiveCfg = Debug|Win32
		{DBB19B4B-2619-4035-96B5-4BCD5DEDC135}.Debug|ARM64.ActiveCfg = Debug|Win32
		{DBB19B4B-2619-4035-96B5-4BCD5DEDC135}.Debug|x64.ActiveCfg = Debug|x64
		{DBB19B4B-2619-4035-96B5-4BCD5DEDC135}.Debug|x64.Build.0 = Debug|x64
		{DBB19B4B-2619-4035-96B5-4BCD5DEDC135}.Debug|x86.ActiveCfg = Debug|Win32
		{DBB19B4B-2619-4035-96B5-4BCD5DEDC135}.Debug|x86.Build.0 = Debug|Win32
		{DBB19B4B-2619-4035-96B5-4BCD5DEDC135}.Release|ARM.ActiveCfg = Release|Win32
		{DBB19B4B-2619-4035-96B5-4BCD5DEDC135}.Release|ARM64.ActiveCfg = Release|Win32
		{DBB19B4B-2619-4035-96B5-4BCD5DEDC135}.Release|x64.ActiveCfg = Release|x64
		{DBB19B4B-2619-4035-96B5-4BCD5DEDC135}.Release|x64.Build.0 = Release|x64
		{DBB19B4B-2619-4035-96B5-4BCD5DEDC135}.Release|x86.ActiveCfg = Release|Win32
		{DBB19B4B-2619-4035-96B5-4BCD5DEDC135}.Release|x86.Build.0 = Release|Win32
		{9FF6DE28-BF6C-469A-BE43-5084CDF7B9AD}.Debug|ARM.ActiveCfg = Debug|Win32
		{9FF6DE28-BF6C-469A-BE43-5084CDF7B9AD}.Debug|ARM64.ActiveCfg = Debug|Win32
		{9FF6DE28-BF6C-469A-BE43-5084CDF7B9AD}.Debug|x64.ActiveCfg = Debug|x64
		{9FF6DE28-BF6C-469A-BE43-5084CDF7B9AD}.Debug|x64.Build.0 = Debug|x64
		{9FF6DE28-BF6C-469A-BE43-5084CDF7B9AD}.Debug|x86.ActiveCfg = Debug|Win32
		{9FF6DE28-BF6C-469A-BE43-5084CDF7B9AD}.Debug|x86.Build.0 = Debug|Win32
		{9FF6DE28-BF6C-469A-BE43-5084CDF7B9AD}.Release|ARM.ActiveCfg = Release|Win32
		{9FF6DE28-BF6C-469A-BE43-5084CDF7B9AD}.Release|ARM64.ActiveCfg = Release|Win32
		{9FF6DE28-BF6C-469A-BE43-5084CDF7B9AD}.Release|x64.ActiveCfg = Release|x64
		{9FF6DE28-BF6C-469A-BE43-5084CDF7B9AD}.Release|x64.Build.0 = Release|x64
		{9FF6DE28-BF6C-469A-BE43-5084CDF7B9AD}.Release|x86.ActiveCfg = Release|Win32
		{9FF6DE28-BF6C-469A-BE43-5084CDF7B9AD}.Release|x86.Build.0 = Release|Win32
		{3585C6FC-E20B-4E6E-B9C0-25ACF277EA00}.Debug|ARM.ActiveCfg = Debug|Win32
		{3585C6FC-E20B-4E6E-B9C0-25ACF277EA00}.Debug|ARM64.ActiveCfg = Debug|Win32
		{3585C6FC-E20B-4E6E-B9C0-25ACF277EA00}.Debug|x64.ActiveCfg = Debug|x64
		{3585C6FC-E20B-4E6E-B9C0-25ACF277EA00}.Debug|x64.Build.0 = Debug|x64
		{3585C6FC-E20B-4E6E-B9C0-25ACF277EA00}.Debug|x86.ActiveCfg = Debug|Win32
		{3585C6FC-E20B-4E6E-B9C0-25ACF277EA00}.Debug|x86.Build.0 = Debug|Win32
		{3585C6FC-E20B-4E6E-B9C0-25ACF277EA00}.Release|ARM.ActiveCfg = Release|Win32
		{3585C6FC-E20B-4E6E-B9C0-25ACF277EA00}.Release|ARM64.ActiveCfg = Release|Win32
		{3585C6FC-E20B-4E6E-B9C0-25ACF277EA00}.Release|x64.ActiveCfg = Release|x64
		{3585C6FC-E20B-4E6E-B9C0-25ACF277EA00}.Release|x64.Build.0 = Release|x64
		{3585C6FC-E20B-4E6E-B9C0-25ACF277EA00}.Release|x86.ActiveCfg = Release|Win32
		{3585C6FC-E20B-4E6E-B9C0-25ACF277EA00}.Release|x86.Build.0 = Release|Win32
		{0701DC04-440B-4678-92A1-53150CE27EEA}.Debug|ARM.ActiveCfg = Debug|Win32
		{0701DC04-440B-4678-92A1-53150CE27EEA}.Debug|ARM64.ActiveCfg = Debug|Win32
		{0701DC04-440B-4678-92A1-53150CE27EEA}.Debug|x64.ActiveCfg = Debug|x64
		{0701DC04-440B-4678-92A1-53150CE27EEA}.Debug|x64.Build.0 = Debug|x64
		{0701DC04-440B-4678-92A1-53150CE27EEA}.Debug|x86.ActiveCfg = Debug|Win32
		{0701DC04-440B-4678-92A1-53150CE27EEA}.Debug|x86.Build.0 = Debug|Win32
		{0701DC04-440B-4678-92A1-53150CE27EEA}.Release|ARM.ActiveCfg = Release|Win32
		{0701DC04-440B-4678-92A1-53150CE27EEA}.Release|ARM64.ActiveCfg = Release|Win32
		{0701DC04-440B-4678-92A1-53150CE27EEA}.Release|x64.ActiveCfg = Release|x64
		{0701DC04-440B-4678-92A1-53150CE27EEA}.Release|x64.Build.0 = Release|x64
		{0701DC04-440B-4678-92A1-53150CE27EEA}.Release|x86.ActiveCfg = Release|Win32
		{0701DC04-440B-4678-92A1-53150CE27EEA}.Release|x86.Build.0 = Release|Win32
	EndGlobalSection
	GlobalSection(SolutionProperties) = preSolution
		HideSolutionNode = FALSE
	EndGlobalSection
	GlobalSection(ExtensibilityGlobals) = postSolution
		SolutionGuid = {E2068F2F-4DE0-41E8-AF9B-0C29441489E4}
	EndGlobalSection
EndGlobal
